
Microsoft Visual Studio Solution File, Format Version 12.00
# Visual Studio Version 17
VisualStudioVersion = 17.7.34031.279
MinimumVisualStudioVersion = 10.0.40219.1
Project("{9A19103F-16F7-4668-BE54-9A1E7A4F7556}") = "Elevator-Simulator", "Elevator-Simulator\Elevator-Simulator.csproj", "{3EBC8FD2-3C2B-40C8-AEAC-8B85D7125413}"
EndProject
Project("{2150E333-8FDC-42A3-9474-1A3956D46DE8}") = "Application", "Application", "{697D09D1-A34D-4466-ABAB-C62B73B21941}"
EndProject
Project("{2150E333-8FDC-42A3-9474-1A3956D46DE8}") = "Models", "Models", "{74D898CE-847F-4656-85C7-1D89EE1483E8}"
EndProject
Project("{2150E333-8FDC-42A3-9474-1A3956D46DE8}") = "Features", "Features", "{A20F2E0D-7245-4A77-84DE-D0DAF64D5803}"
EndProject
Project("{2150E333-8FDC-42A3-9474-1A3956D46DE8}") = "Implementation", "Implementation", "{26A14DAD-B969-4D3A-BFA8-FC4AE6842D76}"
EndProject
Project("{2150E333-8FDC-42A3-9474-1A3956D46DE8}") = "Interface", "Interface", "{3E09629F-E009-4AD6-8DA5-4992950E46D5}"
EndProject
Project("{2150E333-8FDC-42A3-9474-1A3956D46DE8}") = "Tests", "Tests", "{B25AC8D9-5B54-489B-9E31-90566BEB7A46}"
EndProject
Project("{FAE04EC0-301F-11D3-BF4B-00C04F79EFBC}") = "Model", "Model\Model.csproj", "{83FE2820-EAA9-4FAA-B29B-282AC77E25D7}"
EndProject
Project("{FAE04EC0-301F-11D3-BF4B-00C04F79EFBC}") = "ElevatorTests", "ElevatorTests\ElevatorTests.csproj", "{21069B23-DC9D-42AE-9064-C169CE16CFDD}"
EndProject
Global
	GlobalSection(SolutionConfigurationPlatforms) = preSolution
		Debug|Any CPU = Debug|Any CPU
		Release|Any CPU = Release|Any CPU
	EndGlobalSection
	GlobalSection(ProjectConfigurationPlatforms) = postSolution
		{3EBC8FD2-3C2B-40C8-AEAC-8B85D7125413}.Debug|Any CPU.ActiveCfg = Debug|Any CPU
		{3EBC8FD2-3C2B-40C8-AEAC-8B85D7125413}.Debug|Any CPU.Build.0 = Debug|Any CPU
		{3EBC8FD2-3C2B-40C8-AEAC-8B85D7125413}.Release|Any CPU.ActiveCfg = Release|Any CPU
		{3EBC8FD2-3C2B-40C8-AEAC-8B85D7125413}.Release|Any CPU.Build.0 = Release|Any CPU
		{83FE2820-EAA9-4FAA-B29B-282AC77E25D7}.Debug|Any CPU.ActiveCfg = Debug|Any CPU
		{83FE2820-EAA9-4FAA-B29B-282AC77E25D7}.Debug|Any CPU.Build.0 = Debug|Any CPU
		{83FE2820-EAA9-4FAA-B29B-282AC77E25D7}.Release|Any CPU.ActiveCfg = Release|Any CPU
		{83FE2820-EAA9-4FAA-B29B-282AC77E25D7}.Release|Any CPU.Build.0 = Release|Any CPU
		{21069B23-DC9D-42AE-9064-C169CE16CFDD}.Debug|Any CPU.ActiveCfg = Debug|Any CPU
		{21069B23-DC9D-42AE-9064-C169CE16CFDD}.Debug|Any CPU.Build.0 = Debug|Any CPU
		{21069B23-DC9D-42AE-9064-C169CE16CFDD}.Release|Any CPU.ActiveCfg = Release|Any CPU
		{21069B23-DC9D-42AE-9064-C169CE16CFDD}.Release|Any CPU.Build.0 = Release|Any CPU
	EndGlobalSection
	GlobalSection(SolutionProperties) = preSolution
		HideSolutionNode = FALSE
	EndGlobalSection
	GlobalSection(NestedProjects) = preSolution
		{3EBC8FD2-3C2B-40C8-AEAC-8B85D7125413} = {697D09D1-A34D-4466-ABAB-C62B73B21941}
		{26A14DAD-B969-4D3A-BFA8-FC4AE6842D76} = {A20F2E0D-7245-4A77-84DE-D0DAF64D5803}
		{3E09629F-E009-4AD6-8DA5-4992950E46D5} = {A20F2E0D-7245-4A77-84DE-D0DAF64D5803}
		{83FE2820-EAA9-4FAA-B29B-282AC77E25D7} = {74D898CE-847F-4656-85C7-1D89EE1483E8}
		{21069B23-DC9D-42AE-9064-C169CE16CFDD} = {B25AC8D9-5B54-489B-9E31-90566BEB7A46}
	EndGlobalSection
	GlobalSection(ExtensibilityGlobals) = postSolution
		SolutionGuid = {B0FACBB5-3329-4D6D-ADE0-B7681CC223B9}
	EndGlobalSection
EndGlobal
