
Microsoft Visual Studio Solution File, Format Version 12.00
# Visual Studio Version 17
VisualStudioVersion = 17.7.34031.279
MinimumVisualStudioVersion = 10.0.40219.1
Project("{FAE04EC0-301F-11D3-BF4B-00C04F79EFBC}") = "Elevator-Simulator", "Elevator-Simulator\Elevator-Simulator.csproj", "{3EBC8FD2-3C2B-40C8-AEAC-8B85D7125413}"
EndProject
Global
	GlobalSection(SolutionConfigurationPlatforms) = preSolution
		Debug|Any CPU = Debug|Any CPU
		Release|Any CPU = Release|Any CPU
	EndGlobalSection
	GlobalSection(ProjectConfigurationPlatforms) = postSolution
		{3EBC8FD2-3C2B-40C8-AEAC-8B85D7125413}.Debug|Any CPU.ActiveCfg = Debug|Any CPU
		{3EBC8FD2-3C2B-40C8-AEAC-8B85D7125413}.Debug|Any CPU.Build.0 = Debug|Any CPU
		{3EBC8FD2-3C2B-40C8-AEAC-8B85D7125413}.Release|Any CPU.ActiveCfg = Release|Any CPU
		{3EBC8FD2-3C2B-40C8-AEAC-8B85D7125413}.Release|Any CPU.Build.0 = Release|Any CPU
	EndGlobalSection
	GlobalSection(SolutionProperties) = preSolution
		HideSolutionNode = FALSE
	EndGlobalSection
	GlobalSection(ExtensibilityGlobals) = postSolution
		SolutionGuid = {B0FACBB5-3329-4D6D-ADE0-B7681CC223B9}
	EndGlobalSection
EndGlobal
